{
  "nodes": {
    "nixpkgs": {
      "locked": {
        "lastModified": 1764230294,
        "narHash": "sha256-LGU93g01gClmIpYL0xR0fJ5rs5it7ttjjcB+xKaMcH4=",
        "rev": "0d59e0290eefe0f12512043842d7096c4070f30e",
        "type": "tarball",
        "url": "https://releases.nixos.org/nixpkgs/nixpkgs-26.05pre903204.0d59e0290eef/nixexprs.tar.xz"
      },
      "original": {
        "type": "tarball",
        "url": "https://channels.nixos.org/nixpkgs-unstable/nixexprs.tar.xz"
      }
    },
    "root": {
      "inputs": {
        "nixpkgs": "nixpkgs"
      }
    }
  },
  "root": "root",
  "version": 7
}
